
Microsoft Visual Studio Solution File, Format Version 12.00
# Visual Studio Version 17
VisualStudioVersion = 17.0.31903.59
MinimumVisualStudioVersion = 10.0.40219.1
Project("{9A19103F-16F7-4668-BE54-9A1E7A4F7556}") = "ContactMicroService", "ContactMicroService\ContactMicroService.csproj", "{50BE5167-0E00-4DE5-A195-8181A5D870C5}"
EndProject
Project("{2150E333-8FDC-42A3-9474-1A3956D46DE8}") = "src", "src", "{2F41DF8A-F2C7-4329-97DB-249EB6313248}"
EndProject
Project("{2150E333-8FDC-42A3-9474-1A3956D46DE8}") = "Services", "Services", "{ABC1B43B-7B06-44D2-9917-B794796FDB29}"
EndProject
Project("{2150E333-8FDC-42A3-9474-1A3956D46DE8}") = "ContactService", "ContactService", "{69F43354-53A8-401D-A7DF-0205A4DC6CD4}"
EndProject
Project("{2150E333-8FDC-42A3-9474-1A3956D46DE8}") = "ReportService", "ReportService", "{B966AA5B-ABCE-45A7-BB8B-BF879F76BC0A}"
EndProject
Project("{9A19103F-16F7-4668-BE54-9A1E7A4F7556}") = "ReportService", "ReportService\ReportService.csproj", "{A4342328-91AC-42FD-8EAD-21320E691C8C}"
EndProject
Project("{2150E333-8FDC-42A3-9474-1A3956D46DE8}") = "Shared", "Shared", "{89B87368-DF0F-4C64-A712-A6DACDD3D6C7}"
EndProject
Project("{9A19103F-16F7-4668-BE54-9A1E7A4F7556}") = "Shared", "Shared\Shared.csproj", "{0BF850D3-7A28-414C-8309-BFB1FDB4397B}"
EndProject
Project("{2150E333-8FDC-42A3-9474-1A3956D46DE8}") = "Test", "Test", "{7173CC02-422F-4CC0-B1A7-6D6515222257}"
EndProject
Project("{9A19103F-16F7-4668-BE54-9A1E7A4F7556}") = "ContactTest", "ContactTest\ContactTest.csproj", "{C85C3B68-C76B-441C-B1F2-15BF3B5F5589}"
EndProject
Project("{9A19103F-16F7-4668-BE54-9A1E7A4F7556}") = "ReportTest", "ReportTest\ReportTest.csproj", "{54234F9B-4E86-4FCC-8B2E-E153C00D216D}"
EndProject
Global
	GlobalSection(SolutionConfigurationPlatforms) = preSolution
		Debug|Any CPU = Debug|Any CPU
		Release|Any CPU = Release|Any CPU
	EndGlobalSection
	GlobalSection(ProjectConfigurationPlatforms) = postSolution
		{50BE5167-0E00-4DE5-A195-8181A5D870C5}.Debug|Any CPU.ActiveCfg = Debug|Any CPU
		{50BE5167-0E00-4DE5-A195-8181A5D870C5}.Debug|Any CPU.Build.0 = Debug|Any CPU
		{50BE5167-0E00-4DE5-A195-8181A5D870C5}.Release|Any CPU.ActiveCfg = Release|Any CPU
		{50BE5167-0E00-4DE5-A195-8181A5D870C5}.Release|Any CPU.Build.0 = Release|Any CPU
		{A4342328-91AC-42FD-8EAD-21320E691C8C}.Debug|Any CPU.ActiveCfg = Debug|Any CPU
		{A4342328-91AC-42FD-8EAD-21320E691C8C}.Debug|Any CPU.Build.0 = Debug|Any CPU
		{A4342328-91AC-42FD-8EAD-21320E691C8C}.Release|Any CPU.ActiveCfg = Release|Any CPU
		{A4342328-91AC-42FD-8EAD-21320E691C8C}.Release|Any CPU.Build.0 = Release|Any CPU
		{0BF850D3-7A28-414C-8309-BFB1FDB4397B}.Debug|Any CPU.ActiveCfg = Debug|Any CPU
		{0BF850D3-7A28-414C-8309-BFB1FDB4397B}.Debug|Any CPU.Build.0 = Debug|Any CPU
		{0BF850D3-7A28-414C-8309-BFB1FDB4397B}.Release|Any CPU.ActiveCfg = Release|Any CPU
		{0BF850D3-7A28-414C-8309-BFB1FDB4397B}.Release|Any CPU.Build.0 = Release|Any CPU
		{C85C3B68-C76B-441C-B1F2-15BF3B5F5589}.Debug|Any CPU.ActiveCfg = Debug|Any CPU
		{C85C3B68-C76B-441C-B1F2-15BF3B5F5589}.Debug|Any CPU.Build.0 = Debug|Any CPU
		{C85C3B68-C76B-441C-B1F2-15BF3B5F5589}.Release|Any CPU.ActiveCfg = Release|Any CPU
		{C85C3B68-C76B-441C-B1F2-15BF3B5F5589}.Release|Any CPU.Build.0 = Release|Any CPU
		{54234F9B-4E86-4FCC-8B2E-E153C00D216D}.Debug|Any CPU.ActiveCfg = Debug|Any CPU
		{54234F9B-4E86-4FCC-8B2E-E153C00D216D}.Debug|Any CPU.Build.0 = Debug|Any CPU
		{54234F9B-4E86-4FCC-8B2E-E153C00D216D}.Release|Any CPU.ActiveCfg = Release|Any CPU
		{54234F9B-4E86-4FCC-8B2E-E153C00D216D}.Release|Any CPU.Build.0 = Release|Any CPU
	EndGlobalSection
	GlobalSection(SolutionProperties) = preSolution
		HideSolutionNode = FALSE
	EndGlobalSection
	GlobalSection(NestedProjects) = preSolution
		{50BE5167-0E00-4DE5-A195-8181A5D870C5} = {69F43354-53A8-401D-A7DF-0205A4DC6CD4}
		{ABC1B43B-7B06-44D2-9917-B794796FDB29} = {2F41DF8A-F2C7-4329-97DB-249EB6313248}
		{69F43354-53A8-401D-A7DF-0205A4DC6CD4} = {ABC1B43B-7B06-44D2-9917-B794796FDB29}
		{B966AA5B-ABCE-45A7-BB8B-BF879F76BC0A} = {ABC1B43B-7B06-44D2-9917-B794796FDB29}
		{A4342328-91AC-42FD-8EAD-21320E691C8C} = {B966AA5B-ABCE-45A7-BB8B-BF879F76BC0A}
		{89B87368-DF0F-4C64-A712-A6DACDD3D6C7} = {2F41DF8A-F2C7-4329-97DB-249EB6313248}
		{0BF850D3-7A28-414C-8309-BFB1FDB4397B} = {89B87368-DF0F-4C64-A712-A6DACDD3D6C7}
		{7173CC02-422F-4CC0-B1A7-6D6515222257} = {2F41DF8A-F2C7-4329-97DB-249EB6313248}
		{C85C3B68-C76B-441C-B1F2-15BF3B5F5589} = {7173CC02-422F-4CC0-B1A7-6D6515222257}
		{54234F9B-4E86-4FCC-8B2E-E153C00D216D} = {7173CC02-422F-4CC0-B1A7-6D6515222257}
	EndGlobalSection
	GlobalSection(ExtensibilityGlobals) = postSolution
		SolutionGuid = {72D67B38-8014-4162-8ACD-DB65906DCBAF}
	EndGlobalSection
EndGlobal
